
Microsoft Visual Studio Solution File, Format Version 12.00
Project("{FAE04EC0-301F-11D3-BF4B-00C04F79EFBC}") = "UVACanvasAccess", "UVACanvasAccess\UVACanvasAccess.csproj", "{1FB84D6A-DA03-443F-B358-0B9FA56EC20A}"
EndProject
Project("{FAE04EC0-301F-11D3-BF4B-00C04F79EFBC}") = "UVACanvasAccessTests", "UVACanvasAccessTests\UVACanvasAccessTests.csproj", "{4A1E3DCE-3AAA-4BCE-9C16-E7897E9C367F}"
EndProject
Project("{FAE04EC0-301F-11D3-BF4B-00C04F79EFBC}") = "QuotaWatcher", "QuotaWatcher\QuotaWatcher.csproj", "{A3C88768-505B-4CC7-9C7C-0CAA829D14EA}"
EndProject
Project("{FAE04EC0-301F-11D3-BF4B-00C04F79EFBC}") = "SuperReport", "SuperReport\SuperReport.csproj", "{AEB12F12-FB22-446B-B6B4-189F2374D3C9}"
EndProject
Project("{FAE04EC0-301F-11D3-BF4B-00C04F79EFBC}") = "FileMapUploader", "FileMapUploader\FileMapUploader.csproj", "{331FA5A4-EB4C-4CE1-A2AE-32A354675711}"
EndProject
Project("{FAE04EC0-301F-11D3-BF4B-00C04F79EFBC}") = "AppUtils", "AppUtils\AppUtils.csproj", "{7CB0F2BC-C54F-4E0D-AEB0-9BA7DE76DACB}"
EndProject
Project("{FAE04EC0-301F-11D3-BF4B-00C04F79EFBC}") = "QuotaPurger", "QuotaPurger\QuotaPurger.csproj", "{E4482D37-090D-410F-B764-EE0898B69B6A}"
EndProject
Project("{FAE04EC0-301F-11D3-BF4B-00C04F79EFBC}") = "SisImporter", "SisImporter\SisImporter.csproj", "{239907B4-C9AA-44DC-A04C-7C9E2AF6AB38}"
EndProject
Project("{FAE04EC0-301F-11D3-BF4B-00C04F79EFBC}") = "DiscoverUngradedAssignments", "DiscoverUngradedAssignments\DiscoverUngradedAssignments.csproj", "{28914050-8529-43A3-B7C7-82636D90EBF8}"
EndProject
Project("{FAE04EC0-301F-11D3-BF4B-00C04F79EFBC}") = "RollingAttendanceColumns", "RollingAttendanceColumns\RollingAttendanceColumns.csproj", "{2045183F-4305-428C-B45A-FCFF4542EF14}"
EndProject
Project("{FAE04EC0-301F-11D3-BF4B-00C04F79EFBC}") = "ExportAttendanceColumns", "ExportAttendanceColumns\ExportAttendanceColumns.csproj", "{BA646862-D302-458C-8EDA-CD2EA37B5416}"
EndProject
Project("{FAE04EC0-301F-11D3-BF4B-00C04F79EFBC}") = "ExportAttendanceColumnsCsv", "ExportAttendanceColumnsCsv\ExportAttendanceColumnsCsv.csproj", "{32AC0503-B602-4844-BE4D-1C9CDC88994D}"
EndProject
Project("{FAE04EC0-301F-11D3-BF4B-00C04F79EFBC}") = "ManageAttendanceColumns", "ManageAttendanceColumns\ManageAttendanceColumns.csproj", "{C086FE54-1137-46D5-9502-4EBEBBF0583A}"
EndProject
Global
	GlobalSection(SolutionConfigurationPlatforms) = preSolution
		Debug|Any CPU = Debug|Any CPU
		Release|Any CPU = Release|Any CPU
	EndGlobalSection
	GlobalSection(ProjectConfigurationPlatforms) = postSolution
		{1FB84D6A-DA03-443F-B358-0B9FA56EC20A}.Debug|Any CPU.ActiveCfg = Debug|Any CPU
		{1FB84D6A-DA03-443F-B358-0B9FA56EC20A}.Debug|Any CPU.Build.0 = Debug|Any CPU
		{1FB84D6A-DA03-443F-B358-0B9FA56EC20A}.Release|Any CPU.ActiveCfg = Release|Any CPU
		{1FB84D6A-DA03-443F-B358-0B9FA56EC20A}.Release|Any CPU.Build.0 = Release|Any CPU
		{4A1E3DCE-3AAA-4BCE-9C16-E7897E9C367F}.Debug|Any CPU.ActiveCfg = Debug|Any CPU
		{4A1E3DCE-3AAA-4BCE-9C16-E7897E9C367F}.Debug|Any CPU.Build.0 = Debug|Any CPU
		{4A1E3DCE-3AAA-4BCE-9C16-E7897E9C367F}.Release|Any CPU.ActiveCfg = Release|Any CPU
		{4A1E3DCE-3AAA-4BCE-9C16-E7897E9C367F}.Release|Any CPU.Build.0 = Release|Any CPU
		{A3C88768-505B-4CC7-9C7C-0CAA829D14EA}.Debug|Any CPU.ActiveCfg = Debug|Any CPU
		{A3C88768-505B-4CC7-9C7C-0CAA829D14EA}.Debug|Any CPU.Build.0 = Debug|Any CPU
		{A3C88768-505B-4CC7-9C7C-0CAA829D14EA}.Release|Any CPU.ActiveCfg = Release|Any CPU
		{A3C88768-505B-4CC7-9C7C-0CAA829D14EA}.Release|Any CPU.Build.0 = Release|Any CPU
		{AEB12F12-FB22-446B-B6B4-189F2374D3C9}.Debug|Any CPU.ActiveCfg = Debug|Any CPU
		{AEB12F12-FB22-446B-B6B4-189F2374D3C9}.Debug|Any CPU.Build.0 = Debug|Any CPU
		{AEB12F12-FB22-446B-B6B4-189F2374D3C9}.Release|Any CPU.ActiveCfg = Release|Any CPU
		{AEB12F12-FB22-446B-B6B4-189F2374D3C9}.Release|Any CPU.Build.0 = Release|Any CPU
		{331FA5A4-EB4C-4CE1-A2AE-32A354675711}.Debug|Any CPU.ActiveCfg = Debug|Any CPU
		{331FA5A4-EB4C-4CE1-A2AE-32A354675711}.Debug|Any CPU.Build.0 = Debug|Any CPU
		{331FA5A4-EB4C-4CE1-A2AE-32A354675711}.Release|Any CPU.ActiveCfg = Release|Any CPU
		{331FA5A4-EB4C-4CE1-A2AE-32A354675711}.Release|Any CPU.Build.0 = Release|Any CPU
		{7CB0F2BC-C54F-4E0D-AEB0-9BA7DE76DACB}.Debug|Any CPU.ActiveCfg = Debug|Any CPU
		{7CB0F2BC-C54F-4E0D-AEB0-9BA7DE76DACB}.Debug|Any CPU.Build.0 = Debug|Any CPU
		{7CB0F2BC-C54F-4E0D-AEB0-9BA7DE76DACB}.Release|Any CPU.ActiveCfg = Release|Any CPU
		{7CB0F2BC-C54F-4E0D-AEB0-9BA7DE76DACB}.Release|Any CPU.Build.0 = Release|Any CPU
		{E4482D37-090D-410F-B764-EE0898B69B6A}.Debug|Any CPU.ActiveCfg = Debug|Any CPU
		{E4482D37-090D-410F-B764-EE0898B69B6A}.Debug|Any CPU.Build.0 = Debug|Any CPU
		{E4482D37-090D-410F-B764-EE0898B69B6A}.Release|Any CPU.ActiveCfg = Release|Any CPU
		{E4482D37-090D-410F-B764-EE0898B69B6A}.Release|Any CPU.Build.0 = Release|Any CPU
		{239907B4-C9AA-44DC-A04C-7C9E2AF6AB38}.Debug|Any CPU.ActiveCfg = Debug|Any CPU
		{239907B4-C9AA-44DC-A04C-7C9E2AF6AB38}.Debug|Any CPU.Build.0 = Debug|Any CPU
		{239907B4-C9AA-44DC-A04C-7C9E2AF6AB38}.Release|Any CPU.ActiveCfg = Release|Any CPU
		{239907B4-C9AA-44DC-A04C-7C9E2AF6AB38}.Release|Any CPU.Build.0 = Release|Any CPU
		{28914050-8529-43A3-B7C7-82636D90EBF8}.Debug|Any CPU.ActiveCfg = Debug|Any CPU
		{28914050-8529-43A3-B7C7-82636D90EBF8}.Debug|Any CPU.Build.0 = Debug|Any CPU
		{28914050-8529-43A3-B7C7-82636D90EBF8}.Release|Any CPU.ActiveCfg = Release|Any CPU
		{28914050-8529-43A3-B7C7-82636D90EBF8}.Release|Any CPU.Build.0 = Release|Any CPU
		{2045183F-4305-428C-B45A-FCFF4542EF14}.Debug|Any CPU.ActiveCfg = Debug|Any CPU
		{2045183F-4305-428C-B45A-FCFF4542EF14}.Debug|Any CPU.Build.0 = Debug|Any CPU
		{2045183F-4305-428C-B45A-FCFF4542EF14}.Release|Any CPU.ActiveCfg = Release|Any CPU
		{2045183F-4305-428C-B45A-FCFF4542EF14}.Release|Any CPU.Build.0 = Release|Any CPU
		{BA646862-D302-458C-8EDA-CD2EA37B5416}.Debug|Any CPU.ActiveCfg = Debug|Any CPU
		{BA646862-D302-458C-8EDA-CD2EA37B5416}.Debug|Any CPU.Build.0 = Debug|Any CPU
		{BA646862-D302-458C-8EDA-CD2EA37B5416}.Release|Any CPU.ActiveCfg = Release|Any CPU
		{BA646862-D302-458C-8EDA-CD2EA37B5416}.Release|Any CPU.Build.0 = Release|Any CPU
		{32AC0503-B602-4844-BE4D-1C9CDC88994D}.Debug|Any CPU.ActiveCfg = Debug|Any CPU
		{32AC0503-B602-4844-BE4D-1C9CDC88994D}.Debug|Any CPU.Build.0 = Debug|Any CPU
		{32AC0503-B602-4844-BE4D-1C9CDC88994D}.Release|Any CPU.ActiveCfg = Release|Any CPU
		{32AC0503-B602-4844-BE4D-1C9CDC88994D}.Release|Any CPU.Build.0 = Release|Any CPU
		{C086FE54-1137-46D5-9502-4EBEBBF0583A}.Debug|Any CPU.ActiveCfg = Debug|Any CPU
		{C086FE54-1137-46D5-9502-4EBEBBF0583A}.Debug|Any CPU.Build.0 = Debug|Any CPU
		{C086FE54-1137-46D5-9502-4EBEBBF0583A}.Release|Any CPU.ActiveCfg = Release|Any CPU
		{C086FE54-1137-46D5-9502-4EBEBBF0583A}.Release|Any CPU.Build.0 = Release|Any CPU
	EndGlobalSection
EndGlobal
